{
  "lockfileVersion": 1,
  "workspaces": {
    "": {
      "name": "ratreals",
      "dependencies": {
        "ratmath": "git@github.com:jostylr/ratmath.git",
      },
    },
  },
  "packages": {
    "ratmath": ["ratmath@git+ssh://git@github.com:jostylr/ratmath.git#1a5a1d2d8d20c85d5dc7d8aa4ea06d45f057eb06", {}, "1a5a1d2d8d20c85d5dc7d8aa4ea06d45f057eb06"],
  }
}
